
Microsoft Visual Studio Solution File, Format Version 12.00
# Visual Studio 14
VisualStudioVersion = 14.0.25420.1
MinimumVisualStudioVersion = 10.0.40219.1
Project("{FAE04EC0-301F-11D3-BF4B-00C04F79EFBC}") = "wStoreWebApi", "wStoreWebApi\wStoreWebApi.csproj", "{03E59300-992F-4E0E-9770-202CF1A387D1}"
EndProject
Project("{FAE04EC0-301F-11D3-BF4B-00C04F79EFBC}") = "wStoreData", "wStoreData\wStoreData.csproj", "{1F0A163E-77B1-4BE4-A6A7-BC0BA6C30B0D}"
EndProject
Global
	GlobalSection(SolutionConfigurationPlatforms) = preSolution
		Debug|Any CPU = Debug|Any CPU
		Debug|x86 = Debug|x86
		Release|Any CPU = Release|Any CPU
		Release|x86 = Release|x86
	EndGlobalSection
	GlobalSection(ProjectConfigurationPlatforms) = postSolution
		{03E59300-992F-4E0E-9770-202CF1A387D1}.Debug|Any CPU.ActiveCfg = Debug|Any CPU
		{03E59300-992F-4E0E-9770-202CF1A387D1}.Debug|Any CPU.Build.0 = Debug|Any CPU
		{03E59300-992F-4E0E-9770-202CF1A387D1}.Debug|x86.ActiveCfg = Debug|Any CPU
		{03E59300-992F-4E0E-9770-202CF1A387D1}.Debug|x86.Build.0 = Debug|Any CPU
		{03E59300-992F-4E0E-9770-202CF1A387D1}.Release|Any CPU.ActiveCfg = Release|Any CPU
		{03E59300-992F-4E0E-9770-202CF1A387D1}.Release|Any CPU.Build.0 = Release|Any CPU
		{03E59300-992F-4E0E-9770-202CF1A387D1}.Release|x86.ActiveCfg = Release|Any CPU
		{03E59300-992F-4E0E-9770-202CF1A387D1}.Release|x86.Build.0 = Release|Any CPU
		{1F0A163E-77B1-4BE4-A6A7-BC0BA6C30B0D}.Debug|Any CPU.ActiveCfg = Debug|Any CPU
		{1F0A163E-77B1-4BE4-A6A7-BC0BA6C30B0D}.Debug|Any CPU.Build.0 = Debug|Any CPU
		{1F0A163E-77B1-4BE4-A6A7-BC0BA6C30B0D}.Debug|x86.ActiveCfg = Debug|Any CPU
		{1F0A163E-77B1-4BE4-A6A7-BC0BA6C30B0D}.Debug|x86.Build.0 = Debug|Any CPU
		{1F0A163E-77B1-4BE4-A6A7-BC0BA6C30B0D}.Release|Any CPU.ActiveCfg = Release|Any CPU
		{1F0A163E-77B1-4BE4-A6A7-BC0BA6C30B0D}.Release|Any CPU.Build.0 = Release|Any CPU
		{1F0A163E-77B1-4BE4-A6A7-BC0BA6C30B0D}.Release|x86.ActiveCfg = Release|Any CPU
		{1F0A163E-77B1-4BE4-A6A7-BC0BA6C30B0D}.Release|x86.Build.0 = Release|Any CPU
	EndGlobalSection
	GlobalSection(SolutionProperties) = preSolution
		HideSolutionNode = FALSE
	EndGlobalSection
EndGlobal
